// !$*UTF8*$!
{
	archiveVersion = 1;
	classes = {
	};
	objectVersion = 56;
	objects = {

/* Begin PBXBuildFile section */
		8A1DCD272CB1C44D00580DE6 /* QuestionScaleView.swift in Sources */ = {isa = PBXBuildFile; fileRef = 8A1DCD262CB1C44A00580DE6 /* QuestionScaleView.swift */; };
		8A9191F32CB494FD007E17A0 /* QuestionOpenView.swift in Sources */ = {isa = PBXBuildFile; fileRef = 8A9191F22CB494F8007E17A0 /* QuestionOpenView.swift */; };
		8A9191F52CB4A240007E17A0 /* QuestionsNewTopic.swift in Sources */ = {isa = PBXBuildFile; fileRef = 8A9191F42CB4A227007E17A0 /* QuestionsNewTopic.swift */; };
		8A9191F72CBDA392007E17A0 /* Section-CoreDataHelpers.swift in Sources */ = {isa = PBXBuildFile; fileRef = 8A9191F62CBDA392007E17A0 /* Section-CoreDataHelpers.swift */; };
		8A9191FC2CBDDC78007E17A0 /* SectionListView.swift in Sources */ = {isa = PBXBuildFile; fileRef = 8A9191FB2CBDDC78007E17A0 /* SectionListView.swift */; };
		8A9191FE2CBDDCCE007E17A0 /* SectionBox.swift in Sources */ = {isa = PBXBuildFile; fileRef = 8A9191FD2CBDDCC3007E17A0 /* SectionBox.swift */; };
		8A9192002CBE36D8007E17A0 /* SectionCategoryItem.swift in Sources */ = {isa = PBXBuildFile; fileRef = 8A9191FF2CBE36CA007E17A0 /* SectionCategoryItem.swift */; };
		8A9192022CBE3C76007E17A0 /* CategoryItemProtocol.swift in Sources */ = {isa = PBXBuildFile; fileRef = 8A9192012CBE3C5D007E17A0 /* CategoryItemProtocol.swift */; };
		8A9CC1772CAB3DEA007C2AA9 /* Fearless2App.swift in Sources */ = {isa = PBXBuildFile; fileRef = 8A9CC1762CAB3DEA007C2AA9 /* Fearless2App.swift */; };
		8A9CC1792CAB3DEA007C2AA9 /* HomeView.swift in Sources */ = {isa = PBXBuildFile; fileRef = 8A9CC1782CAB3DEA007C2AA9 /* HomeView.swift */; };
		8A9CC17B2CAB3DEB007C2AA9 /* Assets.xcassets in Resources */ = {isa = PBXBuildFile; fileRef = 8A9CC17A2CAB3DEB007C2AA9 /* Assets.xcassets */; };
		8A9CC17E2CAB3DEB007C2AA9 /* Preview Assets.xcassets in Resources */ = {isa = PBXBuildFile; fileRef = 8A9CC17D2CAB3DEB007C2AA9 /* Preview Assets.xcassets */; };
		8A9CC1862CAB44B1007C2AA9 /* Constants.swift in Sources */ = {isa = PBXBuildFile; fileRef = 8A9CC1852CAB44B1007C2AA9 /* Constants.swift */; };
		8A9CC1882CAB44C5007C2AA9 /* OpenAISwiftService.swift in Sources */ = {isa = PBXBuildFile; fileRef = 8A9CC1872CAB44C5007C2AA9 /* OpenAISwiftService.swift */; };
		8A9CC18C2CAB5BF7007C2AA9 /* AppViewsManager.swift in Sources */ = {isa = PBXBuildFile; fileRef = 8A9CC18B2CAB5BF7007C2AA9 /* AppViewsManager.swift */; };
		8A9CC1932CAB656F007C2AA9 /* HomeQuestionsView.swift in Sources */ = {isa = PBXBuildFile; fileRef = 8A9CC1922CAB656F007C2AA9 /* HomeQuestionsView.swift */; };
		8A9CC1952CAB657B007C2AA9 /* HomeQuestionBox.swift in Sources */ = {isa = PBXBuildFile; fileRef = 8A9CC1942CAB657B007C2AA9 /* HomeQuestionBox.swift */; };
		8A9CC1982CAB66DF007C2AA9 /* Colors.swift in Sources */ = {isa = PBXBuildFile; fileRef = 8A9CC1972CAB66DF007C2AA9 /* Colors.swift */; };
		8A9CC19A2CAB69EA007C2AA9 /* GetScreenSize.swift in Sources */ = {isa = PBXBuildFile; fileRef = 8A9CC1992CAB69EA007C2AA9 /* GetScreenSize.swift */; };
		8A9CC19C2CAB75CE007C2AA9 /* HomeTopView.swift in Sources */ = {isa = PBXBuildFile; fileRef = 8A9CC19B2CAB75CE007C2AA9 /* HomeTopView.swift */; };
		8A9CC19E2CAB7855007C2AA9 /* CustomToolbarAppearance.swift in Sources */ = {isa = PBXBuildFile; fileRef = 8A9CC19D2CAB7855007C2AA9 /* CustomToolbarAppearance.swift */; };
		8A9CC1A12CAB7C34007C2AA9 /* SettingsToolbarItem.swift in Sources */ = {isa = PBXBuildFile; fileRef = 8A9CC1A02CAB7C34007C2AA9 /* SettingsToolbarItem.swift */; };
		8A9CC1A32CAB7C94007C2AA9 /* ProfileToolbarItem.swift in Sources */ = {isa = PBXBuildFile; fileRef = 8A9CC1A22CAB7C94007C2AA9 /* ProfileToolbarItem.swift */; };
		8A9CC1A62CAB8342007C2AA9 /* BubblesCategory.swift in Sources */ = {isa = PBXBuildFile; fileRef = 8A9CC1A52CAB8342007C2AA9 /* BubblesCategory.swift */; };
		8A9CC1A82CAB88AC007C2AA9 /* HomeCarouselView.swift in Sources */ = {isa = PBXBuildFile; fileRef = 8A9CC1A72CAB88AC007C2AA9 /* HomeCarouselView.swift */; };
		8A9CC1AA2CAB88BB007C2AA9 /* HomeCarouselCardView.swift in Sources */ = {isa = PBXBuildFile; fileRef = 8A9CC1A92CAB88BB007C2AA9 /* HomeCarouselCardView.swift */; };
		8A9CC1AC2CAB8E50007C2AA9 /* Shadows.swift in Sources */ = {isa = PBXBuildFile; fileRef = 8A9CC1AB2CAB8E50007C2AA9 /* Shadows.swift */; };
		8A9CC1AF2CAC684A007C2AA9 /* TopicCategoryView.swift in Sources */ = {isa = PBXBuildFile; fileRef = 8A9CC1AE2CAC684A007C2AA9 /* TopicCategoryView.swift */; };
		8A9CC1B22CAC6A37007C2AA9 /* TopicCategoryBox.swift in Sources */ = {isa = PBXBuildFile; fileRef = 8A9CC1B12CAC6A37007C2AA9 /* TopicCategoryBox.swift */; };
		8A9CC1B42CAC6ABE007C2AA9 /* TopicCategoryItem.swift in Sources */ = {isa = PBXBuildFile; fileRef = 8A9CC1B32CAC6ABE007C2AA9 /* TopicCategoryItem.swift */; };
		8A9CC1B62CAC9B88007C2AA9 /* CreateNewTopicView.swift in Sources */ = {isa = PBXBuildFile; fileRef = 8A9CC1B52CAC9B88007C2AA9 /* CreateNewTopicView.swift */; };
		8A9CC1B82CACB66F007C2AA9 /* HomeCarouselCardNewTopic.swift in Sources */ = {isa = PBXBuildFile; fileRef = 8A9CC1B72CACB66F007C2AA9 /* HomeCarouselCardNewTopic.swift */; };
		8A9CC1BE2CAD26E7007C2AA9 /* Topic-CoreDataHelpers.swift in Sources */ = {isa = PBXBuildFile; fileRef = 8A9CC1BD2CAD26E7007C2AA9 /* Topic-CoreDataHelpers.swift */; };
		8A9CC1C02CAD26F6007C2AA9 /* Question-CoreDataHelpers.swift in Sources */ = {isa = PBXBuildFile; fileRef = 8A9CC1BF2CAD26F6007C2AA9 /* Question-CoreDataHelpers.swift */; };
		8A9CC1C32CAD2A6E007C2AA9 /* SwiftOpenAI in Frameworks */ = {isa = PBXBuildFile; productRef = 8A9CC1C22CAD2A6E007C2AA9 /* SwiftOpenAI */; };
		8A9CC1C72CAE0B8D007C2AA9 /* Logger+Extension.swift in Sources */ = {isa = PBXBuildFile; fileRef = 8A9CC1C62CAE0B8D007C2AA9 /* Logger+Extension.swift */; };
		8A9CC1C92CAE0F9F007C2AA9 /* DataController.swift in Sources */ = {isa = PBXBuildFile; fileRef = 8A9CC1C82CAE0F9F007C2AA9 /* DataController.swift */; };
		8A9CC1CC2CAE1DCB007C2AA9 /* AssistantItem.swift in Sources */ = {isa = PBXBuildFile; fileRef = 8A9CC1CB2CAE1DCB007C2AA9 /* AssistantItem.swift */; };
		8A9CC1CE2CAE22C9007C2AA9 /* CurrentTime.swift in Sources */ = {isa = PBXBuildFile; fileRef = 8A9CC1CD2CAE22C9007C2AA9 /* CurrentTime.swift */; };
		8A9CC1D12CAE4325007C2AA9 /* TopicViewModel.swift in Sources */ = {isa = PBXBuildFile; fileRef = 8A9CC1D02CAE4325007C2AA9 /* TopicViewModel.swift */; };
		8A9CC1D32CAE75A6007C2AA9 /* loadingAnimation3.json in Resources */ = {isa = PBXBuildFile; fileRef = 8A9CC1D22CAE75A6007C2AA9 /* loadingAnimation3.json */; };
		8A9CC1D62CAE7609007C2AA9 /* Lottie in Frameworks */ = {isa = PBXBuildFile; productRef = 8A9CC1D52CAE7609007C2AA9 /* Lottie */; };
		8A9CC1D82CAE763F007C2AA9 /* LoadingAnimation.swift in Sources */ = {isa = PBXBuildFile; fileRef = 8A9CC1D72CAE763F007C2AA9 /* LoadingAnimation.swift */; };
		8A9CC1DA2CAE7697007C2AA9 /* LottieView.swift in Sources */ = {isa = PBXBuildFile; fileRef = 8A9CC1D92CAE7697007C2AA9 /* LottieView.swift */; };
		8A9CC1DD2CAE8174007C2AA9 /* SummaryView.swift in Sources */ = {isa = PBXBuildFile; fileRef = 8A9CC1DC2CAE8174007C2AA9 /* SummaryView.swift */; };
		8A9CC1E12CAF1BC4007C2AA9 /* CreateNewTopicBox.swift in Sources */ = {isa = PBXBuildFile; fileRef = 8A9CC1E02CAF1BC4007C2AA9 /* CreateNewTopicBox.swift */; };
		8A9CC1E32CAF38D6007C2AA9 /* ContextGatherer.swift in Sources */ = {isa = PBXBuildFile; fileRef = 8A9CC1E22CAF38D6007C2AA9 /* ContextGatherer.swift */; };
		8A9CC1E52CAF5427007C2AA9 /* UpdateTopicView.swift in Sources */ = {isa = PBXBuildFile; fileRef = 8A9CC1E42CAF5427007C2AA9 /* UpdateTopicView.swift */; };
		8A9CC1E72CAF5477007C2AA9 /* UpdateTopicBox.swift in Sources */ = {isa = PBXBuildFile; fileRef = 8A9CC1E62CAF5477007C2AA9 /* UpdateTopicBox.swift */; };
		8ABE9AE22CB2597700483CFD /* NextButton.swift in Sources */ = {isa = PBXBuildFile; fileRef = 8ABE9AE12CB2597300483CFD /* NextButton.swift */; };
		8ABE9AE42CB2627A00483CFD /* QuestionMultipleChoiceView.swift in Sources */ = {isa = PBXBuildFile; fileRef = 8ABE9AE32CB2627A00483CFD /* QuestionMultipleChoiceView.swift */; };
		8ABE9AEA2CB2768600483CFD /* WrappingHStack in Frameworks */ = {isa = PBXBuildFile; productRef = 8ABE9AE92CB2768600483CFD /* WrappingHStack */; };
		8ACE0DD12CCF308700718B9E /* ModelTopics.xcdatamodeld in Sources */ = {isa = PBXBuildFile; fileRef = 8A9CC1B92CAD1A4A007C2AA9 /* ModelTopics.xcdatamodeld */; };
		8ACE0DD32CD03A0000718B9E /* Entry-CoreDataHelpers.swift in Sources */ = {isa = PBXBuildFile; fileRef = 8ACE0DD22CD03A0000718B9E /* Entry-CoreDataHelpers.swift */; };
		8ACE0DD52CD03A1500718B9E /* Insight-CoreDataHelpers.swift in Sources */ = {isa = PBXBuildFile; fileRef = 8ACE0DD42CD03A1500718B9E /* Insight-CoreDataHelpers.swift */; };
		8ACE0DD82CD0C4A700718B9E /* SectionSummaryView.swift in Sources */ = {isa = PBXBuildFile; fileRef = 8ACE0DD72CD0C4A700718B9E /* SectionSummaryView.swift */; };
		8ACE0DDA2CD0C54800718B9E /* InsightBoxView.swift in Sources */ = {isa = PBXBuildFile; fileRef = 8ACE0DD92CD0C54800718B9E /* InsightBoxView.swift */; };
		8ACE0DDC2CD0C54F00718B9E /* EntryQuestionView.swift in Sources */ = {isa = PBXBuildFile; fileRef = 8ACE0DDB2CD0C54F00718B9E /* EntryQuestionView.swift */; };
/* End PBXBuildFile section */

/* Begin PBXFileReference section */
		8A1DCD262CB1C44A00580DE6 /* QuestionScaleView.swift */ = {isa = PBXFileReference; lastKnownFileType = sourcecode.swift; path = QuestionScaleView.swift; sourceTree = "<group>"; };
		8A9191F22CB494F8007E17A0 /* QuestionOpenView.swift */ = {isa = PBXFileReference; lastKnownFileType = sourcecode.swift; path = QuestionOpenView.swift; sourceTree = "<group>"; };
		8A9191F42CB4A227007E17A0 /* QuestionsNewTopic.swift */ = {isa = PBXFileReference; lastKnownFileType = sourcecode.swift; path = QuestionsNewTopic.swift; sourceTree = "<group>"; };
		8A9191F62CBDA392007E17A0 /* Section-CoreDataHelpers.swift */ = {isa = PBXFileReference; lastKnownFileType = sourcecode.swift; path = "Section-CoreDataHelpers.swift"; sourceTree = "<group>"; };
		8A9191FB2CBDDC78007E17A0 /* SectionListView.swift */ = {isa = PBXFileReference; lastKnownFileType = sourcecode.swift; path = SectionListView.swift; sourceTree = "<group>"; };
		8A9191FD2CBDDCC3007E17A0 /* SectionBox.swift */ = {isa = PBXFileReference; lastKnownFileType = sourcecode.swift; path = SectionBox.swift; sourceTree = "<group>"; };
		8A9191FF2CBE36CA007E17A0 /* SectionCategoryItem.swift */ = {isa = PBXFileReference; lastKnownFileType = sourcecode.swift; path = SectionCategoryItem.swift; sourceTree = "<group>"; };
		8A9192012CBE3C5D007E17A0 /* CategoryItemProtocol.swift */ = {isa = PBXFileReference; lastKnownFileType = sourcecode.swift; path = CategoryItemProtocol.swift; sourceTree = "<group>"; };
		8A9CC1732CAB3DEA007C2AA9 /* Fearless2.app */ = {isa = PBXFileReference; explicitFileType = wrapper.application; includeInIndex = 0; path = Fearless2.app; sourceTree = BUILT_PRODUCTS_DIR; };
		8A9CC1762CAB3DEA007C2AA9 /* Fearless2App.swift */ = {isa = PBXFileReference; lastKnownFileType = sourcecode.swift; path = Fearless2App.swift; sourceTree = "<group>"; };
		8A9CC1782CAB3DEA007C2AA9 /* HomeView.swift */ = {isa = PBXFileReference; lastKnownFileType = sourcecode.swift; path = HomeView.swift; sourceTree = "<group>"; };
		8A9CC17A2CAB3DEB007C2AA9 /* Assets.xcassets */ = {isa = PBXFileReference; lastKnownFileType = folder.assetcatalog; path = Assets.xcassets; sourceTree = "<group>"; };
		8A9CC17D2CAB3DEB007C2AA9 /* Preview Assets.xcassets */ = {isa = PBXFileReference; lastKnownFileType = folder.assetcatalog; path = "Preview Assets.xcassets"; sourceTree = "<group>"; };
		8A9CC1852CAB44B1007C2AA9 /* Constants.swift */ = {isa = PBXFileReference; lastKnownFileType = sourcecode.swift; path = Constants.swift; sourceTree = "<group>"; };
		8A9CC1872CAB44C5007C2AA9 /* OpenAISwiftService.swift */ = {isa = PBXFileReference; lastKnownFileType = sourcecode.swift; path = OpenAISwiftService.swift; sourceTree = "<group>"; };
		8A9CC18B2CAB5BF7007C2AA9 /* AppViewsManager.swift */ = {isa = PBXFileReference; lastKnownFileType = sourcecode.swift; path = AppViewsManager.swift; sourceTree = "<group>"; };
		8A9CC1922CAB656F007C2AA9 /* HomeQuestionsView.swift */ = {isa = PBXFileReference; lastKnownFileType = sourcecode.swift; path = HomeQuestionsView.swift; sourceTree = "<group>"; };
		8A9CC1942CAB657B007C2AA9 /* HomeQuestionBox.swift */ = {isa = PBXFileReference; lastKnownFileType = sourcecode.swift; path = HomeQuestionBox.swift; sourceTree = "<group>"; };
		8A9CC1972CAB66DF007C2AA9 /* Colors.swift */ = {isa = PBXFileReference; lastKnownFileType = sourcecode.swift; path = Colors.swift; sourceTree = "<group>"; };
		8A9CC1992CAB69EA007C2AA9 /* GetScreenSize.swift */ = {isa = PBXFileReference; lastKnownFileType = sourcecode.swift; path = GetScreenSize.swift; sourceTree = "<group>"; };
		8A9CC19B2CAB75CE007C2AA9 /* HomeTopView.swift */ = {isa = PBXFileReference; lastKnownFileType = sourcecode.swift; path = HomeTopView.swift; sourceTree = "<group>"; };
		8A9CC19D2CAB7855007C2AA9 /* CustomToolbarAppearance.swift */ = {isa = PBXFileReference; lastKnownFileType = sourcecode.swift; path = CustomToolbarAppearance.swift; sourceTree = "<group>"; };
		8A9CC1A02CAB7C34007C2AA9 /* SettingsToolbarItem.swift */ = {isa = PBXFileReference; lastKnownFileType = sourcecode.swift; path = SettingsToolbarItem.swift; sourceTree = "<group>"; };
		8A9CC1A22CAB7C94007C2AA9 /* ProfileToolbarItem.swift */ = {isa = PBXFileReference; lastKnownFileType = sourcecode.swift; path = ProfileToolbarItem.swift; sourceTree = "<group>"; };
		8A9CC1A52CAB8342007C2AA9 /* BubblesCategory.swift */ = {isa = PBXFileReference; lastKnownFileType = sourcecode.swift; path = BubblesCategory.swift; sourceTree = "<group>"; };
		8A9CC1A72CAB88AC007C2AA9 /* HomeCarouselView.swift */ = {isa = PBXFileReference; lastKnownFileType = sourcecode.swift; path = HomeCarouselView.swift; sourceTree = "<group>"; };
		8A9CC1A92CAB88BB007C2AA9 /* HomeCarouselCardView.swift */ = {isa = PBXFileReference; lastKnownFileType = sourcecode.swift; path = HomeCarouselCardView.swift; sourceTree = "<group>"; };
		8A9CC1AB2CAB8E50007C2AA9 /* Shadows.swift */ = {isa = PBXFileReference; lastKnownFileType = sourcecode.swift; path = Shadows.swift; sourceTree = "<group>"; };
		8A9CC1AE2CAC684A007C2AA9 /* TopicCategoryView.swift */ = {isa = PBXFileReference; lastKnownFileType = sourcecode.swift; path = TopicCategoryView.swift; sourceTree = "<group>"; };
		8A9CC1B12CAC6A37007C2AA9 /* TopicCategoryBox.swift */ = {isa = PBXFileReference; lastKnownFileType = sourcecode.swift; path = TopicCategoryBox.swift; sourceTree = "<group>"; };
		8A9CC1B32CAC6ABE007C2AA9 /* TopicCategoryItem.swift */ = {isa = PBXFileReference; lastKnownFileType = sourcecode.swift; path = TopicCategoryItem.swift; sourceTree = "<group>"; };
		8A9CC1B52CAC9B88007C2AA9 /* CreateNewTopicView.swift */ = {isa = PBXFileReference; lastKnownFileType = sourcecode.swift; path = CreateNewTopicView.swift; sourceTree = "<group>"; };
		8A9CC1B72CACB66F007C2AA9 /* HomeCarouselCardNewTopic.swift */ = {isa = PBXFileReference; lastKnownFileType = sourcecode.swift; path = HomeCarouselCardNewTopic.swift; sourceTree = "<group>"; };
		8A9CC1BA2CAD1A4A007C2AA9 /* ModelTopics.xcdatamodel */ = {isa = PBXFileReference; lastKnownFileType = wrapper.xcdatamodel; path = ModelTopics.xcdatamodel; sourceTree = "<group>"; };
		8A9CC1BD2CAD26E7007C2AA9 /* Topic-CoreDataHelpers.swift */ = {isa = PBXFileReference; lastKnownFileType = sourcecode.swift; path = "Topic-CoreDataHelpers.swift"; sourceTree = "<group>"; };
		8A9CC1BF2CAD26F6007C2AA9 /* Question-CoreDataHelpers.swift */ = {isa = PBXFileReference; lastKnownFileType = sourcecode.swift; path = "Question-CoreDataHelpers.swift"; sourceTree = "<group>"; };
		8A9CC1C42CAE066D007C2AA9 /* Production.xcconfig */ = {isa = PBXFileReference; lastKnownFileType = text.xcconfig; path = Production.xcconfig; sourceTree = "<group>"; };
		8A9CC1C52CAE0727007C2AA9 /* Info.plist */ = {isa = PBXFileReference; lastKnownFileType = text.plist; path = Info.plist; sourceTree = "<group>"; };
		8A9CC1C62CAE0B8D007C2AA9 /* Logger+Extension.swift */ = {isa = PBXFileReference; lastKnownFileType = sourcecode.swift; path = "Logger+Extension.swift"; sourceTree = "<group>"; };
		8A9CC1C82CAE0F9F007C2AA9 /* DataController.swift */ = {isa = PBXFileReference; lastKnownFileType = sourcecode.swift; path = DataController.swift; sourceTree = "<group>"; };
		8A9CC1CA2CAE17E8007C2AA9 /* Fearless2.entitlements */ = {isa = PBXFileReference; lastKnownFileType = text.plist.entitlements; path = Fearless2.entitlements; sourceTree = "<group>"; };
		8A9CC1CB2CAE1DCB007C2AA9 /* AssistantItem.swift */ = {isa = PBXFileReference; lastKnownFileType = sourcecode.swift; path = AssistantItem.swift; sourceTree = "<group>"; };
		8A9CC1CD2CAE22C9007C2AA9 /* CurrentTime.swift */ = {isa = PBXFileReference; lastKnownFileType = sourcecode.swift; path = CurrentTime.swift; sourceTree = "<group>"; };
		8A9CC1D02CAE4325007C2AA9 /* TopicViewModel.swift */ = {isa = PBXFileReference; lastKnownFileType = sourcecode.swift; path = TopicViewModel.swift; sourceTree = "<group>"; };
		8A9CC1D22CAE75A6007C2AA9 /* loadingAnimation3.json */ = {isa = PBXFileReference; fileEncoding = 4; lastKnownFileType = text.json; name = loadingAnimation3.json; path = "../../UI Components Fearless 2/loadingAnimation3.json"; sourceTree = "<group>"; };
		8A9CC1D72CAE763F007C2AA9 /* LoadingAnimation.swift */ = {isa = PBXFileReference; lastKnownFileType = sourcecode.swift; path = LoadingAnimation.swift; sourceTree = "<group>"; };
		8A9CC1D92CAE7697007C2AA9 /* LottieView.swift */ = {isa = PBXFileReference; lastKnownFileType = sourcecode.swift; path = LottieView.swift; sourceTree = "<group>"; };
		8A9CC1DC2CAE8174007C2AA9 /* SummaryView.swift */ = {isa = PBXFileReference; lastKnownFileType = sourcecode.swift; path = SummaryView.swift; sourceTree = "<group>"; };
		8A9CC1E02CAF1BC4007C2AA9 /* CreateNewTopicBox.swift */ = {isa = PBXFileReference; lastKnownFileType = sourcecode.swift; path = CreateNewTopicBox.swift; sourceTree = "<group>"; };
		8A9CC1E22CAF38D6007C2AA9 /* ContextGatherer.swift */ = {isa = PBXFileReference; lastKnownFileType = sourcecode.swift; path = ContextGatherer.swift; sourceTree = "<group>"; };
		8A9CC1E42CAF5427007C2AA9 /* UpdateTopicView.swift */ = {isa = PBXFileReference; lastKnownFileType = sourcecode.swift; path = UpdateTopicView.swift; sourceTree = "<group>"; };
		8A9CC1E62CAF5477007C2AA9 /* UpdateTopicBox.swift */ = {isa = PBXFileReference; lastKnownFileType = sourcecode.swift; path = UpdateTopicBox.swift; sourceTree = "<group>"; };
		8ABE9AE12CB2597300483CFD /* NextButton.swift */ = {isa = PBXFileReference; lastKnownFileType = sourcecode.swift; path = NextButton.swift; sourceTree = "<group>"; };
		8ABE9AE32CB2627A00483CFD /* QuestionMultipleChoiceView.swift */ = {isa = PBXFileReference; lastKnownFileType = sourcecode.swift; path = QuestionMultipleChoiceView.swift; sourceTree = "<group>"; };
		8ACE0DD22CD03A0000718B9E /* Entry-CoreDataHelpers.swift */ = {isa = PBXFileReference; lastKnownFileType = sourcecode.swift; path = "Entry-CoreDataHelpers.swift"; sourceTree = "<group>"; };
		8ACE0DD42CD03A1500718B9E /* Insight-CoreDataHelpers.swift */ = {isa = PBXFileReference; lastKnownFileType = sourcecode.swift; path = "Insight-CoreDataHelpers.swift"; sourceTree = "<group>"; };
		8ACE0DD72CD0C4A700718B9E /* SectionSummaryView.swift */ = {isa = PBXFileReference; lastKnownFileType = sourcecode.swift; path = SectionSummaryView.swift; sourceTree = "<group>"; };
		8ACE0DD92CD0C54800718B9E /* InsightBoxView.swift */ = {isa = PBXFileReference; lastKnownFileType = sourcecode.swift; path = InsightBoxView.swift; sourceTree = "<group>"; };
		8ACE0DDB2CD0C54F00718B9E /* EntryQuestionView.swift */ = {isa = PBXFileReference; lastKnownFileType = sourcecode.swift; path = EntryQuestionView.swift; sourceTree = "<group>"; };
/* End PBXFileReference section */

/* Begin PBXFrameworksBuildPhase section */
		8A9CC1702CAB3DEA007C2AA9 /* Frameworks */ = {
			isa = PBXFrameworksBuildPhase;
			buildActionMask = 2147483647;
			files = (
				8A9CC1C32CAD2A6E007C2AA9 /* SwiftOpenAI in Frameworks */,
				8ABE9AEA2CB2768600483CFD /* WrappingHStack in Frameworks */,
				8A9CC1D62CAE7609007C2AA9 /* Lottie in Frameworks */,
			);
			runOnlyForDeploymentPostprocessing = 0;
		};
/* End PBXFrameworksBuildPhase section */

/* Begin PBXGroup section */
		8A9191F82CBDDC3F007E17A0 /* Sections */ = {
			isa = PBXGroup;
			children = (
				8A9191FB2CBDDC78007E17A0 /* SectionListView.swift */,
				8A9191FD2CBDDCC3007E17A0 /* SectionBox.swift */,
				8ACE0DD62CD0C33700718B9E /* Section Summary */,
			);
			path = Sections;
			sourceTree = "<group>";
		};
		8A9CC16A2CAB3DEA007C2AA9 = {
			isa = PBXGroup;
			children = (
				8A9CC1752CAB3DEA007C2AA9 /* Fearless2 */,
				8A9CC1742CAB3DEA007C2AA9 /* Products */,
			);
			sourceTree = "<group>";
		};
		8A9CC1742CAB3DEA007C2AA9 /* Products */ = {
			isa = PBXGroup;
			children = (
				8A9CC1732CAB3DEA007C2AA9 /* Fearless2.app */,
			);
			name = Products;
			sourceTree = "<group>";
		};
		8A9CC1752CAB3DEA007C2AA9 /* Fearless2 */ = {
			isa = PBXGroup;
			children = (
				8A9CC1CA2CAE17E8007C2AA9 /* Fearless2.entitlements */,
				8A9CC1C52CAE0727007C2AA9 /* Info.plist */,
				8A9CC1B92CAD1A4A007C2AA9 /* ModelTopics.xcdatamodeld */,
				8A9CC1762CAB3DEA007C2AA9 /* Fearless2App.swift */,
				8A9CC18B2CAB5BF7007C2AA9 /* AppViewsManager.swift */,
				8A9CC1842CAB449F007C2AA9 /* Models */,
				8A9CC18D2CAB648A007C2AA9 /* Home */,
				8A9CC19F2CAB7BD3007C2AA9 /* Header */,
				8A9CC1AD2CAC681C007C2AA9 /* Topic */,
				8A9191F82CBDDC3F007E17A0 /* Sections */,
				8A9CC1DB2CAE80D8007C2AA9 /* Summary */,
				8A9CC1962CAB66B3007C2AA9 /* Styling */,
				8A9CC1A42CAB8120007C2AA9 /* Reusable Views */,
				8A9CC17A2CAB3DEB007C2AA9 /* Assets.xcassets */,
				8A9CC1D22CAE75A6007C2AA9 /* loadingAnimation3.json */,
				8A9CC17C2CAB3DEB007C2AA9 /* Preview Content */,
				8A9CC1C42CAE066D007C2AA9 /* Production.xcconfig */,
			);
			path = Fearless2;
			sourceTree = "<group>";
		};
		8A9CC17C2CAB3DEB007C2AA9 /* Preview Content */ = {
			isa = PBXGroup;
			children = (
				8A9CC17D2CAB3DEB007C2AA9 /* Preview Assets.xcassets */,
			);
			path = "Preview Content";
			sourceTree = "<group>";
		};
		8A9CC1842CAB449F007C2AA9 /* Models */ = {
			isa = PBXGroup;
			children = (
				8A9CC1CF2CAE42BF007C2AA9 /* ViewModels */,
				8A9CC1BC2CAD26C7007C2AA9 /* Data */,
				8A9CC1852CAB44B1007C2AA9 /* Constants.swift */,
				8A9CC1872CAB44C5007C2AA9 /* OpenAISwiftService.swift */,
				8A9CC1C62CAE0B8D007C2AA9 /* Logger+Extension.swift */,
				8A9CC1CB2CAE1DCB007C2AA9 /* AssistantItem.swift */,
			);
			path = Models;
			sourceTree = "<group>";
		};
		8A9CC18D2CAB648A007C2AA9 /* Home */ = {
			isa = PBXGroup;
			children = (
				8A9CC1782CAB3DEA007C2AA9 /* HomeView.swift */,
				8A9CC1912CAB6551007C2AA9 /* Top view */,
				8A9CC18F2CAB652F007C2AA9 /* Questions */,
				8A9CC1902CAB6541007C2AA9 /* Carousel */,
			);
			path = Home;
			sourceTree = "<group>";
		};
		8A9CC18F2CAB652F007C2AA9 /* Questions */ = {
			isa = PBXGroup;
			children = (
				8A9CC1922CAB656F007C2AA9 /* HomeQuestionsView.swift */,
				8A9CC1942CAB657B007C2AA9 /* HomeQuestionBox.swift */,
			);
			path = Questions;
			sourceTree = "<group>";
		};
		8A9CC1902CAB6541007C2AA9 /* Carousel */ = {
			isa = PBXGroup;
			children = (
				8A9CC1A72CAB88AC007C2AA9 /* HomeCarouselView.swift */,
				8A9CC1A92CAB88BB007C2AA9 /* HomeCarouselCardView.swift */,
				8A9CC1B72CACB66F007C2AA9 /* HomeCarouselCardNewTopic.swift */,
			);
			path = Carousel;
			sourceTree = "<group>";
		};
		8A9CC1912CAB6551007C2AA9 /* Top view */ = {
			isa = PBXGroup;
			children = (
				8A9CC19B2CAB75CE007C2AA9 /* HomeTopView.swift */,
			);
			path = "Top view";
			sourceTree = "<group>";
		};
		8A9CC1962CAB66B3007C2AA9 /* Styling */ = {
			isa = PBXGroup;
			children = (
				8A9192012CBE3C5D007E17A0 /* CategoryItemProtocol.swift */,
				8A9CC1972CAB66DF007C2AA9 /* Colors.swift */,
				8A9CC1AB2CAB8E50007C2AA9 /* Shadows.swift */,
				8A9CC1992CAB69EA007C2AA9 /* GetScreenSize.swift */,
				8A9CC19D2CAB7855007C2AA9 /* CustomToolbarAppearance.swift */,
				8A9191FF2CBE36CA007E17A0 /* SectionCategoryItem.swift */,
				8A9CC1B32CAC6ABE007C2AA9 /* TopicCategoryItem.swift */,
				8A9CC1D92CAE7697007C2AA9 /* LottieView.swift */,
				8A9191F42CB4A227007E17A0 /* QuestionsNewTopic.swift */,
			);
			path = Styling;
			sourceTree = "<group>";
		};
		8A9CC19F2CAB7BD3007C2AA9 /* Header */ = {
			isa = PBXGroup;
			children = (
				8A9CC1A02CAB7C34007C2AA9 /* SettingsToolbarItem.swift */,
				8A9CC1A22CAB7C94007C2AA9 /* ProfileToolbarItem.swift */,
			);
			path = Header;
			sourceTree = "<group>";
		};
		8A9CC1A42CAB8120007C2AA9 /* Reusable Views */ = {
			isa = PBXGroup;
			children = (
				8ABE9AE12CB2597300483CFD /* NextButton.swift */,
				8A9CC1A52CAB8342007C2AA9 /* BubblesCategory.swift */,
				8A9CC1D72CAE763F007C2AA9 /* LoadingAnimation.swift */,
			);
			path = "Reusable Views";
			sourceTree = "<group>";
		};
		8A9CC1AD2CAC681C007C2AA9 /* Topic */ = {
			isa = PBXGroup;
			children = (
				8A9CC1DF2CAF1B9C007C2AA9 /* New topic */,
				8A9CC1B02CAC6855007C2AA9 /* Choose topic category */,
				8A9CC1DE2CAF1B8F007C2AA9 /* Update topic */,
			);
			path = Topic;
			sourceTree = "<group>";
		};
		8A9CC1B02CAC6855007C2AA9 /* Choose topic category */ = {
			isa = PBXGroup;
			children = (
				8A9CC1AE2CAC684A007C2AA9 /* TopicCategoryView.swift */,
				8A9CC1B12CAC6A37007C2AA9 /* TopicCategoryBox.swift */,
			);
			path = "Choose topic category";
			sourceTree = "<group>";
		};
		8A9CC1BC2CAD26C7007C2AA9 /* Data */ = {
			isa = PBXGroup;
			children = (
				8A9CC1BD2CAD26E7007C2AA9 /* Topic-CoreDataHelpers.swift */,
				8A9191F62CBDA392007E17A0 /* Section-CoreDataHelpers.swift */,
				8A9CC1BF2CAD26F6007C2AA9 /* Question-CoreDataHelpers.swift */,
				8ACE0DD22CD03A0000718B9E /* Entry-CoreDataHelpers.swift */,
				8ACE0DD42CD03A1500718B9E /* Insight-CoreDataHelpers.swift */,
				8A9CC1C82CAE0F9F007C2AA9 /* DataController.swift */,
				8A9CC1CD2CAE22C9007C2AA9 /* CurrentTime.swift */,
				8A9CC1E22CAF38D6007C2AA9 /* ContextGatherer.swift */,
			);
			path = Data;
			sourceTree = "<group>";
		};
		8A9CC1CF2CAE42BF007C2AA9 /* ViewModels */ = {
			isa = PBXGroup;
			children = (
				8A9CC1D02CAE4325007C2AA9 /* TopicViewModel.swift */,
			);
			path = ViewModels;
			sourceTree = "<group>";
		};
		8A9CC1DB2CAE80D8007C2AA9 /* Summary */ = {
			isa = PBXGroup;
			children = (
				8A9CC1DC2CAE8174007C2AA9 /* SummaryView.swift */,
			);
			path = Summary;
			sourceTree = "<group>";
		};
		8A9CC1DE2CAF1B8F007C2AA9 /* Update topic */ = {
			isa = PBXGroup;
			children = (
				8A9CC1E42CAF5427007C2AA9 /* UpdateTopicView.swift */,
				8A9CC1E62CAF5477007C2AA9 /* UpdateTopicBox.swift */,
			);
			path = "Update topic";
			sourceTree = "<group>";
		};
		8A9CC1DF2CAF1B9C007C2AA9 /* New topic */ = {
			isa = PBXGroup;
			children = (
				8A9CC1B52CAC9B88007C2AA9 /* CreateNewTopicView.swift */,
				8A9CC1E02CAF1BC4007C2AA9 /* CreateNewTopicBox.swift */,
				8A1DCD262CB1C44A00580DE6 /* QuestionScaleView.swift */,
				8ABE9AE32CB2627A00483CFD /* QuestionMultipleChoiceView.swift */,
				8A9191F22CB494F8007E17A0 /* QuestionOpenView.swift */,
			);
			path = "New topic";
			sourceTree = "<group>";
		};
		8ACE0DD62CD0C33700718B9E /* Section Summary */ = {
			isa = PBXGroup;
			children = (
				8ACE0DD72CD0C4A700718B9E /* SectionSummaryView.swift */,
				8ACE0DD92CD0C54800718B9E /* InsightBoxView.swift */,
				8ACE0DDB2CD0C54F00718B9E /* EntryQuestionView.swift */,
			);
			path = "Section Summary";
			sourceTree = "<group>";
		};
/* End PBXGroup section */

/* Begin PBXNativeTarget section */
		8A9CC1722CAB3DEA007C2AA9 /* Fearless2 */ = {
			isa = PBXNativeTarget;
			buildConfigurationList = 8A9CC1812CAB3DEB007C2AA9 /* Build configuration list for PBXNativeTarget "Fearless2" */;
			buildPhases = (
				8A9CC16F2CAB3DEA007C2AA9 /* Sources */,
				8A9CC1702CAB3DEA007C2AA9 /* Frameworks */,
				8A9CC1712CAB3DEA007C2AA9 /* Resources */,
			);
			buildRules = (
			);
			dependencies = (
			);
			name = Fearless2;
			packageProductDependencies = (
				8A9CC1C22CAD2A6E007C2AA9 /* SwiftOpenAI */,
				8A9CC1D52CAE7609007C2AA9 /* Lottie */,
				8ABE9AE92CB2768600483CFD /* WrappingHStack */,
			);
			productName = Fearless2;
			productReference = 8A9CC1732CAB3DEA007C2AA9 /* Fearless2.app */;
			productType = "com.apple.product-type.application";
		};
/* End PBXNativeTarget section */

/* Begin PBXProject section */
		8A9CC16B2CAB3DEA007C2AA9 /* Project object */ = {
			isa = PBXProject;
			attributes = {
				BuildIndependentTargetsInParallel = 1;
				LastSwiftUpdateCheck = 1530;
				LastUpgradeCheck = 1530;
				TargetAttributes = {
					8A9CC1722CAB3DEA007C2AA9 = {
						CreatedOnToolsVersion = 15.3;
					};
				};
			};
			buildConfigurationList = 8A9CC16E2CAB3DEA007C2AA9 /* Build configuration list for PBXProject "Fearless2" */;
			compatibilityVersion = "Xcode 14.0";
			developmentRegion = en;
			hasScannedForEncodings = 0;
			knownRegions = (
				en,
				Base,
			);
			mainGroup = 8A9CC16A2CAB3DEA007C2AA9;
			packageReferences = (
				8A9CC1C12CAD2A6E007C2AA9 /* XCRemoteSwiftPackageReference "SwiftOpenAI" */,
				8A9CC1D42CAE7609007C2AA9 /* XCRemoteSwiftPackageReference "lottie-spm" */,
				8ABE9AE82CB2768600483CFD /* XCRemoteSwiftPackageReference "WrappingHStack" */,
			);
			productRefGroup = 8A9CC1742CAB3DEA007C2AA9 /* Products */;
			projectDirPath = "";
			projectRoot = "";
			targets = (
				8A9CC1722CAB3DEA007C2AA9 /* Fearless2 */,
			);
		};
/* End PBXProject section */

/* Begin PBXResourcesBuildPhase section */
		8A9CC1712CAB3DEA007C2AA9 /* Resources */ = {
			isa = PBXResourcesBuildPhase;
			buildActionMask = 2147483647;
			files = (
				8A9CC17E2CAB3DEB007C2AA9 /* Preview Assets.xcassets in Resources */,
				8A9CC17B2CAB3DEB007C2AA9 /* Assets.xcassets in Resources */,
				8A9CC1D32CAE75A6007C2AA9 /* loadingAnimation3.json in Resources */,
			);
			runOnlyForDeploymentPostprocessing = 0;
		};
/* End PBXResourcesBuildPhase section */

/* Begin PBXSourcesBuildPhase section */
		8A9CC16F2CAB3DEA007C2AA9 /* Sources */ = {
			isa = PBXSourcesBuildPhase;
			buildActionMask = 2147483647;
			files = (
				8A9CC1CE2CAE22C9007C2AA9 /* CurrentTime.swift in Sources */,
				8A9CC1792CAB3DEA007C2AA9 /* HomeView.swift in Sources */,
				8A9CC1AC2CAB8E50007C2AA9 /* Shadows.swift in Sources */,
				8A9CC1C02CAD26F6007C2AA9 /* Question-CoreDataHelpers.swift in Sources */,
				8A9192022CBE3C76007E17A0 /* CategoryItemProtocol.swift in Sources */,
				8A9CC1982CAB66DF007C2AA9 /* Colors.swift in Sources */,
				8A9CC19C2CAB75CE007C2AA9 /* HomeTopView.swift in Sources */,
				8A9CC1A12CAB7C34007C2AA9 /* SettingsToolbarItem.swift in Sources */,
				8A9CC1AF2CAC684A007C2AA9 /* TopicCategoryView.swift in Sources */,
				8A9191F72CBDA392007E17A0 /* Section-CoreDataHelpers.swift in Sources */,
				8A9CC1BE2CAD26E7007C2AA9 /* Topic-CoreDataHelpers.swift in Sources */,
				8A9191F52CB4A240007E17A0 /* QuestionsNewTopic.swift in Sources */,
				8A9CC19A2CAB69EA007C2AA9 /* GetScreenSize.swift in Sources */,
				8A9CC1DD2CAE8174007C2AA9 /* SummaryView.swift in Sources */,
				8ACE0DD52CD03A1500718B9E /* Insight-CoreDataHelpers.swift in Sources */,
				8A9CC1A82CAB88AC007C2AA9 /* HomeCarouselView.swift in Sources */,
				8A9CC1E52CAF5427007C2AA9 /* UpdateTopicView.swift in Sources */,
				8A9CC1D12CAE4325007C2AA9 /* TopicViewModel.swift in Sources */,
				8A9CC1B82CACB66F007C2AA9 /* HomeCarouselCardNewTopic.swift in Sources */,
				8A9CC1952CAB657B007C2AA9 /* HomeQuestionBox.swift in Sources */,
				8A9CC1D82CAE763F007C2AA9 /* LoadingAnimation.swift in Sources */,
				8A9CC1B42CAC6ABE007C2AA9 /* TopicCategoryItem.swift in Sources */,
				8A9CC1E32CAF38D6007C2AA9 /* ContextGatherer.swift in Sources */,
				8A9CC1CC2CAE1DCB007C2AA9 /* AssistantItem.swift in Sources */,
				8A9CC1932CAB656F007C2AA9 /* HomeQuestionsView.swift in Sources */,
				8A9CC1DA2CAE7697007C2AA9 /* LottieView.swift in Sources */,
				8A9CC18C2CAB5BF7007C2AA9 /* AppViewsManager.swift in Sources */,
				8A9CC1B62CAC9B88007C2AA9 /* CreateNewTopicView.swift in Sources */,
				8A9191FC2CBDDC78007E17A0 /* SectionListView.swift in Sources */,
				8ABE9AE22CB2597700483CFD /* NextButton.swift in Sources */,
				8A9CC1AA2CAB88BB007C2AA9 /* HomeCarouselCardView.swift in Sources */,
				8A9CC1882CAB44C5007C2AA9 /* OpenAISwiftService.swift in Sources */,
				8A9CC1A32CAB7C94007C2AA9 /* ProfileToolbarItem.swift in Sources */,
				8A9CC1C92CAE0F9F007C2AA9 /* DataController.swift in Sources */,
				8A9CC1B22CAC6A37007C2AA9 /* TopicCategoryBox.swift in Sources */,
				8A9CC1C72CAE0B8D007C2AA9 /* Logger+Extension.swift in Sources */,
				8A9191F32CB494FD007E17A0 /* QuestionOpenView.swift in Sources */,
				8A9191FE2CBDDCCE007E17A0 /* SectionBox.swift in Sources */,
				8ACE0DD12CCF308700718B9E /* ModelTopics.xcdatamodeld in Sources */,
				8A9CC1772CAB3DEA007C2AA9 /* Fearless2App.swift in Sources */,
				8A9CC19E2CAB7855007C2AA9 /* CustomToolbarAppearance.swift in Sources */,
				8A9192002CBE36D8007E17A0 /* SectionCategoryItem.swift in Sources */,
				8A9CC1E12CAF1BC4007C2AA9 /* CreateNewTopicBox.swift in Sources */,
				8A9CC1A62CAB8342007C2AA9 /* BubblesCategory.swift in Sources */,
				8ACE0DDA2CD0C54800718B9E /* InsightBoxView.swift in Sources */,
				8ACE0DD32CD03A0000718B9E /* Entry-CoreDataHelpers.swift in Sources */,
				8A1DCD272CB1C44D00580DE6 /* QuestionScaleView.swift in Sources */,
				8A9CC1E72CAF5477007C2AA9 /* UpdateTopicBox.swift in Sources */,
				8A9CC1862CAB44B1007C2AA9 /* Constants.swift in Sources */,
				8ABE9AE42CB2627A00483CFD /* QuestionMultipleChoiceView.swift in Sources */,
				8ACE0DD82CD0C4A700718B9E /* SectionSummaryView.swift in Sources */,
				8ACE0DDC2CD0C54F00718B9E /* EntryQuestionView.swift in Sources */,
			);
			runOnlyForDeploymentPostprocessing = 0;
		};
/* End PBXSourcesBuildPhase section */

/* Begin XCBuildConfiguration section */
		8A9CC17F2CAB3DEB007C2AA9 /* Debug */ = {
			isa = XCBuildConfiguration;
			baseConfigurationReference = 8A9CC1C42CAE066D007C2AA9 /* Production.xcconfig */;
			buildSettings = {
				ALWAYS_SEARCH_USER_PATHS = NO;
				ASSETCATALOG_COMPILER_GENERATE_SWIFT_ASSET_SYMBOL_EXTENSIONS = YES;
				CLANG_ANALYZER_NONNULL = YES;
				CLANG_ANALYZER_NUMBER_OBJECT_CONVERSION = YES_AGGRESSIVE;
				CLANG_CXX_LANGUAGE_STANDARD = "gnu++20";
				CLANG_ENABLE_MODULES = YES;
				CLANG_ENABLE_OBJC_ARC = YES;
				CLANG_ENABLE_OBJC_WEAK = YES;
				CLANG_WARN_BLOCK_CAPTURE_AUTORELEASING = YES;
				CLANG_WARN_BOOL_CONVERSION = YES;
				CLANG_WARN_COMMA = YES;
				CLANG_WARN_CONSTANT_CONVERSION = YES;
				CLANG_WARN_DEPRECATED_OBJC_IMPLEMENTATIONS = YES;
				CLANG_WARN_DIRECT_OBJC_ISA_USAGE = YES_ERROR;
				CLANG_WARN_DOCUMENTATION_COMMENTS = YES;
				CLANG_WARN_EMPTY_BODY = YES;
				CLANG_WARN_ENUM_CONVERSION = YES;
				CLANG_WARN_INFINITE_RECURSION = YES;
				CLANG_WARN_INT_CONVERSION = YES;
				CLANG_WARN_NON_LITERAL_NULL_CONVERSION = YES;
				CLANG_WARN_OBJC_IMPLICIT_RETAIN_SELF = YES;
				CLANG_WARN_OBJC_LITERAL_CONVERSION = YES;
				CLANG_WARN_OBJC_ROOT_CLASS = YES_ERROR;
				CLANG_WARN_QUOTED_INCLUDE_IN_FRAMEWORK_HEADER = YES;
				CLANG_WARN_RANGE_LOOP_ANALYSIS = YES;
				CLANG_WARN_STRICT_PROTOTYPES = YES;
				CLANG_WARN_SUSPICIOUS_MOVE = YES;
				CLANG_WARN_UNGUARDED_AVAILABILITY = YES_AGGRESSIVE;
				CLANG_WARN_UNREACHABLE_CODE = YES;
				CLANG_WARN__DUPLICATE_METHOD_MATCH = YES;
				COPY_PHASE_STRIP = NO;
				DEBUG_INFORMATION_FORMAT = dwarf;
				ENABLE_STRICT_OBJC_MSGSEND = YES;
				ENABLE_TESTABILITY = YES;
				ENABLE_USER_SCRIPT_SANDBOXING = YES;
				GCC_C_LANGUAGE_STANDARD = gnu17;
				GCC_DYNAMIC_NO_PIC = NO;
				GCC_NO_COMMON_BLOCKS = YES;
				GCC_OPTIMIZATION_LEVEL = 0;
				GCC_PREPROCESSOR_DEFINITIONS = (
					"DEBUG=1",
					"$(inherited)",
				);
				GCC_WARN_64_TO_32_BIT_CONVERSION = YES;
				GCC_WARN_ABOUT_RETURN_TYPE = YES_ERROR;
				GCC_WARN_UNDECLARED_SELECTOR = YES;
				GCC_WARN_UNINITIALIZED_AUTOS = YES_AGGRESSIVE;
				GCC_WARN_UNUSED_FUNCTION = YES;
				GCC_WARN_UNUSED_VARIABLE = YES;
				IPHONEOS_DEPLOYMENT_TARGET = 17.4;
				LOCALIZATION_PREFERS_STRING_CATALOGS = YES;
				MTL_ENABLE_DEBUG_INFO = INCLUDE_SOURCE;
				MTL_FAST_MATH = YES;
				ONLY_ACTIVE_ARCH = YES;
				SDKROOT = iphoneos;
				SWIFT_ACTIVE_COMPILATION_CONDITIONS = "DEBUG $(inherited)";
				SWIFT_OPTIMIZATION_LEVEL = "-Onone";
			};
			name = Debug;
		};
		8A9CC1802CAB3DEB007C2AA9 /* Release */ = {
			isa = XCBuildConfiguration;
			baseConfigurationReference = 8A9CC1C42CAE066D007C2AA9 /* Production.xcconfig */;
			buildSettings = {
				ALWAYS_SEARCH_USER_PATHS = NO;
				ASSETCATALOG_COMPILER_GENERATE_SWIFT_ASSET_SYMBOL_EXTENSIONS = YES;
				CLANG_ANALYZER_NONNULL = YES;
				CLANG_ANALYZER_NUMBER_OBJECT_CONVERSION = YES_AGGRESSIVE;
				CLANG_CXX_LANGUAGE_STANDARD = "gnu++20";
				CLANG_ENABLE_MODULES = YES;
				CLANG_ENABLE_OBJC_ARC = YES;
				CLANG_ENABLE_OBJC_WEAK = YES;
				CLANG_WARN_BLOCK_CAPTURE_AUTORELEASING = YES;
				CLANG_WARN_BOOL_CONVERSION = YES;
				CLANG_WARN_COMMA = YES;
				CLANG_WARN_CONSTANT_CONVERSION = YES;
				CLANG_WARN_DEPRECATED_OBJC_IMPLEMENTATIONS = YES;
				CLANG_WARN_DIRECT_OBJC_ISA_USAGE = YES_ERROR;
				CLANG_WARN_DOCUMENTATION_COMMENTS = YES;
				CLANG_WARN_EMPTY_BODY = YES;
				CLANG_WARN_ENUM_CONVERSION = YES;
				CLANG_WARN_INFINITE_RECURSION = YES;
				CLANG_WARN_INT_CONVERSION = YES;
				CLANG_WARN_NON_LITERAL_NULL_CONVERSION = YES;
				CLANG_WARN_OBJC_IMPLICIT_RETAIN_SELF = YES;
				CLANG_WARN_OBJC_LITERAL_CONVERSION = YES;
				CLANG_WARN_OBJC_ROOT_CLASS = YES_ERROR;
				CLANG_WARN_QUOTED_INCLUDE_IN_FRAMEWORK_HEADER = YES;
				CLANG_WARN_RANGE_LOOP_ANALYSIS = YES;
				CLANG_WARN_STRICT_PROTOTYPES = YES;
				CLANG_WARN_SUSPICIOUS_MOVE = YES;
				CLANG_WARN_UNGUARDED_AVAILABILITY = YES_AGGRESSIVE;
				CLANG_WARN_UNREACHABLE_CODE = YES;
				CLANG_WARN__DUPLICATE_METHOD_MATCH = YES;
				COPY_PHASE_STRIP = NO;
				DEBUG_INFORMATION_FORMAT = "dwarf-with-dsym";
				ENABLE_NS_ASSERTIONS = NO;
				ENABLE_STRICT_OBJC_MSGSEND = YES;
				ENABLE_USER_SCRIPT_SANDBOXING = YES;
				GCC_C_LANGUAGE_STANDARD = gnu17;
				GCC_NO_COMMON_BLOCKS = YES;
				GCC_WARN_64_TO_32_BIT_CONVERSION = YES;
				GCC_WARN_ABOUT_RETURN_TYPE = YES_ERROR;
				GCC_WARN_UNDECLARED_SELECTOR = YES;
				GCC_WARN_UNINITIALIZED_AUTOS = YES_AGGRESSIVE;
				GCC_WARN_UNUSED_FUNCTION = YES;
				GCC_WARN_UNUSED_VARIABLE = YES;
				IPHONEOS_DEPLOYMENT_TARGET = 17.4;
				LOCALIZATION_PREFERS_STRING_CATALOGS = YES;
				MTL_ENABLE_DEBUG_INFO = NO;
				MTL_FAST_MATH = YES;
				SDKROOT = iphoneos;
				SWIFT_COMPILATION_MODE = wholemodule;
				VALIDATE_PRODUCT = YES;
			};
			name = Release;
		};
		8A9CC1822CAB3DEB007C2AA9 /* Debug */ = {
			isa = XCBuildConfiguration;
			baseConfigurationReference = 8A9CC1C42CAE066D007C2AA9 /* Production.xcconfig */;
			buildSettings = {
				ASSETCATALOG_COMPILER_APPICON_NAME = AppIcon;
				ASSETCATALOG_COMPILER_GLOBAL_ACCENT_COLOR_NAME = AccentColor;
				CODE_SIGN_ENTITLEMENTS = Fearless2/Fearless2.entitlements;
				CODE_SIGN_STYLE = Automatic;
				CURRENT_PROJECT_VERSION = 1;
				DEVELOPMENT_ASSET_PATHS = "\"Fearless2/Preview Content\"";
				DEVELOPMENT_TEAM = 79TB36U8AD;
				ENABLE_PREVIEWS = YES;
				GENERATE_INFOPLIST_FILE = YES;
				INFOPLIST_FILE = Fearless2/Info.plist;
				INFOPLIST_KEY_UIApplicationSceneManifest_Generation = YES;
				INFOPLIST_KEY_UIApplicationSupportsIndirectInputEvents = YES;
				INFOPLIST_KEY_UILaunchScreen_Generation = YES;
				INFOPLIST_KEY_UISupportedInterfaceOrientations = UIInterfaceOrientationPortrait;
				IPHONEOS_DEPLOYMENT_TARGET = 18;
				LD_RUNPATH_SEARCH_PATHS = (
					"$(inherited)",
					"@executable_path/Frameworks",
				);
				MARKETING_VERSION = 1.0;
				PRODUCT_BUNDLE_IDENTIFIER = com.spacenotes.app.Fearless2;
				PRODUCT_NAME = "$(TARGET_NAME)";
				SWIFT_EMIT_LOC_STRINGS = YES;
				SWIFT_VERSION = 5.0;
				TARGETED_DEVICE_FAMILY = "1,2";
			};
			name = Debug;
		};
		8A9CC1832CAB3DEB007C2AA9 /* Release */ = {
			isa = XCBuildConfiguration;
			baseConfigurationReference = 8A9CC1C42CAE066D007C2AA9 /* Production.xcconfig */;
			buildSettings = {
				ASSETCATALOG_COMPILER_APPICON_NAME = AppIcon;
				ASSETCATALOG_COMPILER_GLOBAL_ACCENT_COLOR_NAME = AccentColor;
				CODE_SIGN_ENTITLEMENTS = Fearless2/Fearless2.entitlements;
				CODE_SIGN_STYLE = Automatic;
				CURRENT_PROJECT_VERSION = 1;
				DEVELOPMENT_ASSET_PATHS = "\"Fearless2/Preview Content\"";
				DEVELOPMENT_TEAM = 79TB36U8AD;
				ENABLE_PREVIEWS = YES;
				GENERATE_INFOPLIST_FILE = YES;
				INFOPLIST_FILE = Fearless2/Info.plist;
				INFOPLIST_KEY_UIApplicationSceneManifest_Generation = YES;
				INFOPLIST_KEY_UIApplicationSupportsIndirectInputEvents = YES;
				INFOPLIST_KEY_UILaunchScreen_Generation = YES;
				INFOPLIST_KEY_UISupportedInterfaceOrientations = UIInterfaceOrientationPortrait;
				IPHONEOS_DEPLOYMENT_TARGET = 17.6;
				LD_RUNPATH_SEARCH_PATHS = (
					"$(inherited)",
					"@executable_path/Frameworks",
				);
				MARKETING_VERSION = 1.0;
				PRODUCT_BUNDLE_IDENTIFIER = com.spacenotes.app.Fearless2;
				PRODUCT_NAME = "$(TARGET_NAME)";
				SWIFT_EMIT_LOC_STRINGS = YES;
				SWIFT_VERSION = 5.0;
				TARGETED_DEVICE_FAMILY = "1,2";
			};
			name = Release;
		};
/* End XCBuildConfiguration section */

/* Begin XCConfigurationList section */
		8A9CC16E2CAB3DEA007C2AA9 /* Build configuration list for PBXProject "Fearless2" */ = {
			isa = XCConfigurationList;
			buildConfigurations = (
				8A9CC17F2CAB3DEB007C2AA9 /* Debug */,
				8A9CC1802CAB3DEB007C2AA9 /* Release */,
			);
			defaultConfigurationIsVisible = 0;
			defaultConfigurationName = Release;
		};
		8A9CC1812CAB3DEB007C2AA9 /* Build configuration list for PBXNativeTarget "Fearless2" */ = {
			isa = XCConfigurationList;
			buildConfigurations = (
				8A9CC1822CAB3DEB007C2AA9 /* Debug */,
				8A9CC1832CAB3DEB007C2AA9 /* Release */,
			);
			defaultConfigurationIsVisible = 0;
			defaultConfigurationName = Release;
		};
/* End XCConfigurationList section */

/* Begin XCRemoteSwiftPackageReference section */
		8A9CC1C12CAD2A6E007C2AA9 /* XCRemoteSwiftPackageReference "SwiftOpenAI" */ = {
			isa = XCRemoteSwiftPackageReference;
			repositoryURL = "https://github.com/jamesrochabrun/SwiftOpenAI";
			requirement = {
				kind = exactVersion;
				version = 3.6.2;
			};
		};
		8A9CC1D42CAE7609007C2AA9 /* XCRemoteSwiftPackageReference "lottie-spm" */ = {
			isa = XCRemoteSwiftPackageReference;
			repositoryURL = "https://github.com/airbnb/lottie-spm.git";
			requirement = {
				kind = upToNextMajorVersion;
				minimumVersion = 4.5.0;
			};
		};
		8ABE9AE82CB2768600483CFD /* XCRemoteSwiftPackageReference "WrappingHStack" */ = {
			isa = XCRemoteSwiftPackageReference;
			repositoryURL = "https://github.com/dkk/WrappingHStack";
			requirement = {
				kind = upToNextMajorVersion;
				minimumVersion = 2.2.11;
			};
		};
/* End XCRemoteSwiftPackageReference section */

/* Begin XCSwiftPackageProductDependency section */
		8A9CC1C22CAD2A6E007C2AA9 /* SwiftOpenAI */ = {
			isa = XCSwiftPackageProductDependency;
			package = 8A9CC1C12CAD2A6E007C2AA9 /* XCRemoteSwiftPackageReference "SwiftOpenAI" */;
			productName = SwiftOpenAI;
		};
		8A9CC1D52CAE7609007C2AA9 /* Lottie */ = {
			isa = XCSwiftPackageProductDependency;
			package = 8A9CC1D42CAE7609007C2AA9 /* XCRemoteSwiftPackageReference "lottie-spm" */;
			productName = Lottie;
		};
		8ABE9AE92CB2768600483CFD /* WrappingHStack */ = {
			isa = XCSwiftPackageProductDependency;
			package = 8ABE9AE82CB2768600483CFD /* XCRemoteSwiftPackageReference "WrappingHStack" */;
			productName = WrappingHStack;
		};
/* End XCSwiftPackageProductDependency section */

/* Begin XCVersionGroup section */
		8A9CC1B92CAD1A4A007C2AA9 /* ModelTopics.xcdatamodeld */ = {
			isa = XCVersionGroup;
			children = (
				8A9CC1BA2CAD1A4A007C2AA9 /* ModelTopics.xcdatamodel */,
			);
			currentVersion = 8A9CC1BA2CAD1A4A007C2AA9 /* ModelTopics.xcdatamodel */;
			name = ModelTopics.xcdatamodeld;
			path = "/Users/yue/Desktop/New Thing/Fearless2/Fearless2/ModelTopics.xcdatamodeld";
			sourceTree = "<group>";
			versionGroupType = wrapper.xcdatamodel;
		};
/* End XCVersionGroup section */
	};
	rootObject = 8A9CC16B2CAB3DEA007C2AA9 /* Project object */;
}
